{
  "version": 4,
  "terraform_version": "1.9.8",
  "serial": 836,
  "lineage": "115a49f8-c944-1bae-9d30-727895f0ed1e",
  "outputs": {
    "alb_dns": {
      "value": "tfg-nba-lb-1542415835.eu-west-1.elb.amazonaws.com",
      "type": "string"
    },
    "api_endpoint": {
      "value": "http://rodrigofernandezbravo.com",
      "type": "string"
    },
    "direct_ec2_access": {
      "value": "http://34.245.41.77",
      "type": "string"
    },
    "domain_name": {
      "value": "rodrigofernandezbravo.com",
      "type": "string"
    },
    "domain_url": {
      "value": "http://rodrigofernandezbravo.com",
      "type": "string"
    },
    "instance_public_ip": {
      "value": "34.245.41.77",
      "type": "string"
    },
    "load_balancer_dns": {
      "value": "tfg-nba-lb-1542415835.eu-west-1.elb.amazonaws.com",
      "type": "string"
    },
    "load_balancer_zone_id": {
      "value": "Z32O12XQLNTSW2",
      "type": "string"
    },
    "route53_name_servers": {
      "value": [
        "ns-1102.awsdns-09.org",
        "ns-1903.awsdns-45.co.uk",
        "ns-290.awsdns-36.com",
        "ns-556.awsdns-05.net"
      ],
      "type": [
        "list",
        "string"
      ]
    },
    "route53_zone_id": {
      "value": "Z09771713755O6AWFJSP4",
      "type": "string"
    },
    "ssh_command": {
      "value": "ssh -i tfg-key.pem ec2-user@34.245.41.77",
      "type": "string"
    },
    "vpc_id": {
      "value": "vpc-0eb5b06744e5b9a7c",
      "type": "string"
    }
  },
  "resources": [
    {
      "mode": "managed",
      "type": "aws_instance",
      "name": "web_instance",
      "provider": "provider[\"registry.terraform.io/hashicorp/aws\"]",
      "instances": [
        {
          "schema_version": 1,
          "attributes": {
            "ami": "ami-02141377eee7defb9",
            "arn": "arn:aws:ec2:eu-west-1:586794460474:instance/i-05546bc361deb0a6a",
            "associate_public_ip_address": true,
            "availability_zone": "eu-west-1a",
            "capacity_reservation_specification": [
              {
                "capacity_reservation_preference": "open",
                "capacity_reservation_target": []
              }
            ],
            "cpu_core_count": 1,
            "cpu_options": [
              {
                "amd_sev_snp": "",
                "core_count": 1,
                "threads_per_core": 1
              }
            ],
            "cpu_threads_per_core": 1,
            "credit_specification": [
              {
                "cpu_credits": "standard"
              }
            ],
            "disable_api_stop": false,
            "disable_api_termination": false,
            "ebs_block_device": [],
            "ebs_optimized": false,
            "enclave_options": [
              {
                "enabled": false
              }
            ],
            "ephemeral_block_device": [],
            "get_password_data": false,
            "hibernation": false,
            "host_id": "",
            "host_resource_group_arn": null,
            "iam_instance_profile": "",
            "id": "i-05546bc361deb0a6a",
            "instance_initiated_shutdown_behavior": "stop",
            "instance_lifecycle": "",
            "instance_market_options": [],
            "instance_state": "running",
            "instance_type": "t2.micro",
            "ipv6_address_count": 0,
            "ipv6_addresses": [],
            "key_name": "tfg-key",
            "launch_template": [],
            "maintenance_options": [
              {
                "auto_recovery": "default"
              }
            ],
            "metadata_options": [
              {
                "http_endpoint": "enabled",
                "http_protocol_ipv6": "disabled",
                "http_put_response_hop_limit": 2,
                "http_tokens": "required",
                "instance_metadata_tags": "disabled"
              }
            ],
            "monitoring": false,
            "network_interface": [],
            "outpost_arn": "",
            "password_data": "",
            "placement_group": "",
            "placement_partition_number": 0,
            "primary_network_interface_id": "eni-0dfb436bfcb197f57",
            "private_dns": "ip-10-0-0-29.eu-west-1.compute.internal",
            "private_dns_name_options": [
              {
                "enable_resource_name_dns_a_record": false,
                "enable_resource_name_dns_aaaa_record": false,
                "hostname_type": "ip-name"
              }
            ],
            "private_ip": "10.0.0.29",
            "public_dns": "ec2-34-245-41-77.eu-west-1.compute.amazonaws.com",
            "public_ip": "34.245.41.77",
            "root_block_device": [
              {
                "delete_on_termination": true,
                "device_name": "/dev/xvda",
                "encrypted": false,
                "iops": 3000,
                "kms_key_id": "",
                "tags": {},
                "tags_all": {},
                "throughput": 125,
                "volume_id": "vol-0a6a32b69247e0e7c",
                "volume_size": 8,
                "volume_type": "gp3"
              }
            ],
            "secondary_private_ips": [],
            "security_groups": [],
            "source_dest_check": true,
            "spot_instance_request_id": "",
            "subnet_id": "subnet-0429955eeb9bb9896",
            "tags": {
              "Name": "tfg-nba-ec2"
            },
            "tags_all": {
              "Name": "tfg-nba-ec2"
            },
            "tenancy": "default",
            "timeouts": null,
            "user_data": null,
            "user_data_base64": "IyEvYmluL2Jhc2gKCmV4ZWMgPiA+KHRlZSAvdmFyL2xvZy91c2VyLWRhdGEubG9nKSAyPiYxCnNldCAtZQoKZWNobyAiPT09IFVTRVIgREFUQSBTQ1JJUFQgU1RBUlRFRCA9PT0iCgojIFVwZGF0ZSBwYWNrYWdlcwpkbmYgdXBkYXRlIC15IC0tYWxsb3dlcmFzaW5nIC0tc2tpcC1icm9rZW4gfHwgZWNobyAiVXBkYXRlIGNvbXBsZXRlZCB3aXRoIHdhcm5pbmdzIgoKIyBJbnN0YWxsIGRlcGVuZGVuY2llcwpkbmYgaW5zdGFsbCAteSBnY2MgZ2NjLWMrKyBweXRob24zLWRldmVsIGdpdCBuZ2lueCBweXRob24zIHB5dGhvbjMtcGlwIGN1cmwgdW56aXAgdGFyIG1ha2UgLS1hbGxvd2VyYXNpbmcKCiMgQ29uZmlybSB0b29scwpnaXQgLS12ZXJzaW9uCnB5dGhvbjMgLS12ZXJzaW9uCnBpcDMgLS12ZXJzaW9uCm5naW54IC12CgojIENyZWF0ZSBhbmQgYWN0aXZhdGUgUHl0aG9uIHZpcnR1YWwgZW52aXJvbm1lbnQKZWNobyAiQ3JlYXRpbmcgdmlydHVhbCBlbnZpcm9ubWVudCBmb3IgYmFja2VuZC4uLiIKcHl0aG9uMyAtbSB2ZW52IC9ob21lL2VjMi11c2VyL2JhY2tlbmQtdmVudgpzb3VyY2UgL2hvbWUvZWMyLXVzZXIvYmFja2VuZC12ZW52L2Jpbi9hY3RpdmF0ZQoKIyBVcGdyYWRlIHBpcCBhbmQgaW5zdGFsbCBQeXRob24gcGFja2FnZXMgaW5zaWRlIHZpcnR1YWxlbnYKcGlwIGluc3RhbGwgLS11cGdyYWRlIHBpcApwaXAgaW5zdGFsbCBmYXN0YXBpIHV2aWNvcm4gcGFuZGFzIG51bXB5IG5iYS1hcGkgc2Npa2l0LWxlYXJuIGpvYmxpYgoKIyBJbnN0YWxsIERlbm8KY2QgL29wdApjdXJsIC1mc1NMIGh0dHBzOi8vZGVuby5sYW5kL3gvaW5zdGFsbC9pbnN0YWxsLnNoIC1vIGluc3RhbGxfZGVuby5zaApjaG1vZCAreCBpbnN0YWxsX2Rlbm8uc2gKREVOT19JTlNUQUxMPS9vcHQvZGVubyAuL2luc3RhbGxfZGVuby5zaAplY2hvICdleHBvcnQgREVOT19JTlNUQUxMPS9vcHQvZGVubycgPj4gL2V0Yy9wcm9maWxlCmVjaG8gJ2V4cG9ydCBQQVRIPSRERU5PX0lOU1RBTEwvYmluOiRQQVRIJyA+PiAvZXRjL3Byb2ZpbGUKZXhwb3J0IERFTk9fSU5TVEFMTD0vb3B0L2Rlbm8KZXhwb3J0IFBBVEg9JERFTk9fSU5TVEFMTC9iaW46JFBBVEgKCiMgVmVyaWZ5IERlbm8KZGVubyAtLXZlcnNpb24gfHwgZWNobyAi4p2MIERlbm8gZmFpbGVkIHRvIGluc3RhbGwiCgojIENsb25lIHByb2plY3QKZ2l0IGNsb25lIGh0dHBzOi8vZ2l0aHViLmNvbS9yb2RyaWdvZmJtbS9URkcuZ2l0IC9ob21lL2VjMi11c2VyL2FwcApjaG93biAtUiBlYzItdXNlcjplYzItdXNlciAvaG9tZS9lYzItdXNlci9hcHAKCiMgQ29weSBNTCBtb2RlbHMKbWtkaXIgLXAgL2hvbWUvZWMyLXVzZXIvYXBwL3RmZ19uYmEvYmFjay1wYXJ0CmNwIC9ob21lL2VjMi11c2VyL2FwcC90ZmdfbmJhL21vZGVsby1kZWZpbml0aXZvLyoucGtsIC9ob21lL2VjMi11c2VyL2FwcC90ZmdfbmJhL2JhY2stcGFydC8gfHwgZWNobyAiTm8gLnBrbCBmaWxlcyBmb3VuZCIKCiMgQ3JlYXRlIHN5c3RlbWQgc2VydmljZSBmb3IgYmFja2VuZApjYXQgPDxFT0YgPiAvZXRjL3N5c3RlbWQvc3lzdGVtL25iYS1iYWNrZW5kLnNlcnZpY2UKW1VuaXRdCkRlc2NyaXB0aW9uPU5CQSBCYWNrZW5kIEFQSSAoRmFzdEFQSSkKQWZ0ZXI9bmV0d29yay50YXJnZXQKCltTZXJ2aWNlXQpVc2VyPWVjMi11c2VyCldvcmtpbmdEaXJlY3Rvcnk9L2hvbWUvZWMyLXVzZXIvYXBwL3RmZ19uYmEvYmFjay1wYXJ0CkVudmlyb25tZW50PVBBVEg9L2hvbWUvZWMyLXVzZXIvYmFja2VuZC12ZW52L2JpbgpFeGVjU3RhcnQ9L2hvbWUvZWMyLXVzZXIvYmFja2VuZC12ZW52L2Jpbi91dmljb3JuIHByZWRpY3RfYXBpOmFwcCAtLWhvc3QgMC4wLjAuMCAtLXBvcnQgODAwOApSZXN0YXJ0PWFsd2F5cwoKW0luc3RhbGxdCldhbnRlZEJ5PW11bHRpLXVzZXIudGFyZ2V0CkVPRgoKIyBDcmVhdGUgc3lzdGVtZCBzZXJ2aWNlIGZvciBmcm9udGVuZApjYXQgPDxFT0YgPiAvZXRjL3N5c3RlbWQvc3lzdGVtL25iYS1mcm9udGVuZC5zZXJ2aWNlCltVbml0XQpEZXNjcmlwdGlvbj1OQkEgRnJvbnRlbmQgKERlbm8pCkFmdGVyPW5ldHdvcmsudGFyZ2V0CgpbU2VydmljZV0KVXNlcj1lYzItdXNlcgpXb3JraW5nRGlyZWN0b3J5PS9ob21lL2VjMi11c2VyL2FwcC90ZmdfbmJhL2Zyb250LXBhcnQKRW52aXJvbm1lbnQ9UEFUSD0vb3B0L2Rlbm8vYmluOi91c3IvbG9jYWwvYmluOi91c3IvYmluOi9iaW4KRXhlY1N0YXJ0PS9vcHQvZGVuby9iaW4vZGVubyB0YXNrIHN0YXJ0ClJlc3RhcnQ9YWx3YXlzCgpbSW5zdGFsbF0KV2FudGVkQnk9bXVsdGktdXNlci50YXJnZXQKRU9GCgojIFJlbG9hZCBhbmQgZW5hYmxlIHNlcnZpY2VzCnN5c3RlbWN0bCBkYWVtb24tcmVleGVjCnN5c3RlbWN0bCBkYWVtb24tcmVsb2FkCnN5c3RlbWN0bCBlbmFibGUgbmJhLWJhY2tlbmQuc2VydmljZQpzeXN0ZW1jdGwgZW5hYmxlIG5iYS1mcm9udGVuZC5zZXJ2aWNlCnN5c3RlbWN0bCBzdGFydCBuYmEtYmFja2VuZC5zZXJ2aWNlCnN5c3RlbWN0bCBzdGFydCBuYmEtZnJvbnRlbmQuc2VydmljZQoKIyBDb25maWd1cmUgTkdJTlgKY2F0ID4gL2V0Yy9uZ2lueC9uZ2lueC5jb25mIDw8J0VPRicKdXNlciBuZ2lueDsKd29ya2VyX3Byb2Nlc3NlcyBhdXRvOwpldmVudHMgewogICAgd29ya2VyX2Nvbm5lY3Rpb25zIDEwMjQ7Cn0KaHR0cCB7CiAgICBpbmNsdWRlIC9ldGMvbmdpbngvbWltZS50eXBlczsKICAgIGRlZmF1bHRfdHlwZSBhcHBsaWNhdGlvbi9vY3RldC1zdHJlYW07CiAgICBzZXJ2ZXIgewogICAgICAgIGxpc3RlbiA4MCBkZWZhdWx0X3NlcnZlcjsKICAgICAgICBzZXJ2ZXJfbmFtZSBfOwoKICAgICAgICBsb2NhdGlvbiAvYXBpLyB7CiAgICAgICAgICAgIHByb3h5X3Bhc3MgaHR0cDovL2xvY2FsaG9zdDo4MDA4LzsKICAgICAgICB9CgogICAgICAgIGxvY2F0aW9uIC8gewogICAgICAgICAgICBwcm94eV9wYXNzIGh0dHA6Ly9sb2NhbGhvc3Q6ODAwMC87CiAgICAgICAgfQogICAgfQp9CkVPRgoKIyBTdGFydCBOR0lOWApuZ2lueCAtdApzeXN0ZW1jdGwgZW5hYmxlIG5naW54CnN5c3RlbWN0bCByZXN0YXJ0IG5naW54CgplY2hvICI9PT0gVVNFUiBEQVRBIFNDUklQVCBDT01QTEVURUQgPT09Igo=",
            "user_data_replace_on_change": false,
            "volume_tags": null,
            "vpc_security_group_ids": [
              "sg-0331a98d4d7c3e3bc"
            ]
          },
          "sensitive_attributes": [],
          "private": "eyJlMmJmYjczMC1lY2FhLTExZTYtOGY4OC0zNDM2M2JjN2M0YzAiOnsiY3JlYXRlIjo2MDAwMDAwMDAwMDAsImRlbGV0ZSI6MTIwMDAwMDAwMDAwMCwicmVhZCI6OTAwMDAwMDAwMDAwLCJ1cGRhdGUiOjYwMDAwMDAwMDAwMH0sInNjaGVtYV92ZXJzaW9uIjoiMSJ9",
          "dependencies": [
            "aws_security_group.instance_sg",
            "aws_subnet.public_subnet_1",
            "aws_vpc.vpc"
          ],
          "create_before_destroy": true
        }
      ]
    },
    {
      "mode": "managed",
      "type": "aws_internet_gateway",
      "name": "gateway",
      "provider": "provider[\"registry.terraform.io/hashicorp/aws\"]",
      "instances": [
        {
          "schema_version": 0,
          "attributes": {
            "arn": "arn:aws:ec2:eu-west-1:586794460474:internet-gateway/igw-090df9f6911453fba",
            "id": "igw-090df9f6911453fba",
            "owner_id": "586794460474",
            "tags": null,
            "tags_all": {},
            "timeouts": null,
            "vpc_id": "vpc-0eb5b06744e5b9a7c"
          },
          "sensitive_attributes": [],
          "private": "eyJlMmJmYjczMC1lY2FhLTExZTYtOGY4OC0zNDM2M2JjN2M0YzAiOnsiY3JlYXRlIjoxMjAwMDAwMDAwMDAwLCJkZWxldGUiOjEyMDAwMDAwMDAwMDAsInVwZGF0ZSI6MTIwMDAwMDAwMDAwMH19",
          "dependencies": [
            "aws_vpc.vpc"
          ]
        }
      ]
    },
    {
      "mode": "managed",
      "type": "aws_lb",
      "name": "loadbalancer",
      "provider": "provider[\"registry.terraform.io/hashicorp/aws\"]",
      "instances": [
        {
          "schema_version": 0,
          "attributes": {
            "access_logs": [
              {
                "bucket": "",
                "enabled": false,
                "prefix": ""
              }
            ],
            "arn": "arn:aws:elasticloadbalancing:eu-west-1:586794460474:loadbalancer/app/tfg-nba-lb/a8fce164fc023707",
            "arn_suffix": "app/tfg-nba-lb/a8fce164fc023707",
            "client_keep_alive": 3600,
            "connection_logs": [
              {
                "bucket": "",
                "enabled": false,
                "prefix": ""
              }
            ],
            "customer_owned_ipv4_pool": "",
            "desync_mitigation_mode": "defensive",
            "dns_name": "tfg-nba-lb-1542415835.eu-west-1.elb.amazonaws.com",
            "dns_record_client_routing_policy": null,
            "drop_invalid_header_fields": false,
            "enable_cross_zone_load_balancing": true,
            "enable_deletion_protection": false,
            "enable_http2": true,
            "enable_tls_version_and_cipher_suite_headers": false,
            "enable_waf_fail_open": false,
            "enable_xff_client_port": false,
            "enable_zonal_shift": false,
            "enforce_security_group_inbound_rules_on_private_link_traffic": "",
            "id": "arn:aws:elasticloadbalancing:eu-west-1:586794460474:loadbalancer/app/tfg-nba-lb/a8fce164fc023707",
            "idle_timeout": 60,
            "internal": false,
            "ip_address_type": "ipv4",
            "load_balancer_type": "application",
            "name": "tfg-nba-lb",
            "name_prefix": "",
            "preserve_host_header": false,
            "security_groups": [
              "sg-0331a98d4d7c3e3bc"
            ],
            "subnet_mapping": [
              {
                "allocation_id": "",
                "ipv6_address": "",
                "outpost_id": "",
                "private_ipv4_address": "",
                "subnet_id": "subnet-0429955eeb9bb9896"
              },
              {
                "allocation_id": "",
                "ipv6_address": "",
                "outpost_id": "",
                "private_ipv4_address": "",
                "subnet_id": "subnet-09645b5f39bed9f44"
              }
            ],
            "subnets": [
              "subnet-0429955eeb9bb9896",
              "subnet-09645b5f39bed9f44"
            ],
            "tags": {
              "Name": "tfg-nba-lb"
            },
            "tags_all": {
              "Name": "tfg-nba-lb"
            },
            "timeouts": null,
            "vpc_id": "vpc-0eb5b06744e5b9a7c",
            "xff_header_processing_mode": "append",
            "zone_id": "Z32O12XQLNTSW2"
          },
          "sensitive_attributes": [],
          "private": "eyJlMmJmYjczMC1lY2FhLTExZTYtOGY4OC0zNDM2M2JjN2M0YzAiOnsiY3JlYXRlIjo2MDAwMDAwMDAwMDAsImRlbGV0ZSI6NjAwMDAwMDAwMDAwLCJ1cGRhdGUiOjYwMDAwMDAwMDAwMH19",
          "dependencies": [
            "aws_security_group.instance_sg",
            "aws_subnet.public_subnet_1",
            "aws_subnet.public_subnet_2",
            "aws_vpc.vpc"
          ]
        }
      ]
    },
    {
      "mode": "managed",
      "type": "aws_lb_listener",
      "name": "listener",
      "provider": "provider[\"registry.terraform.io/hashicorp/aws\"]",
      "instances": [
        {
          "schema_version": 0,
          "attributes": {
            "alpn_policy": null,
            "arn": "arn:aws:elasticloadbalancing:eu-west-1:586794460474:listener/app/tfg-nba-lb/a8fce164fc023707/3f92e35d337efbc9",
            "certificate_arn": null,
            "default_action": [
              {
                "authenticate_cognito": [],
                "authenticate_oidc": [],
                "fixed_response": [],
                "forward": [],
                "order": 1,
                "redirect": [],
                "target_group_arn": "arn:aws:elasticloadbalancing:eu-west-1:586794460474:targetgroup/tfg-nba-tg/3b2e0d575c63b43a",
                "type": "forward"
              }
            ],
            "id": "arn:aws:elasticloadbalancing:eu-west-1:586794460474:listener/app/tfg-nba-lb/a8fce164fc023707/3f92e35d337efbc9",
            "load_balancer_arn": "arn:aws:elasticloadbalancing:eu-west-1:586794460474:loadbalancer/app/tfg-nba-lb/a8fce164fc023707",
            "mutual_authentication": [],
            "port": 80,
            "protocol": "HTTP",
            "ssl_policy": "",
            "tags": null,
            "tags_all": {},
            "tcp_idle_timeout_seconds": null,
            "timeouts": null
          },
          "sensitive_attributes": [],
          "private": "eyJlMmJmYjczMC1lY2FhLTExZTYtOGY4OC0zNDM2M2JjN2M0YzAiOnsiY3JlYXRlIjozMDAwMDAwMDAwMDAsInVwZGF0ZSI6MzAwMDAwMDAwMDAwfX0=",
          "dependencies": [
            "aws_lb.loadbalancer",
            "aws_lb_target_group.tg",
            "aws_security_group.instance_sg",
            "aws_subnet.public_subnet_1",
            "aws_subnet.public_subnet_2",
            "aws_vpc.vpc"
          ]
        }
      ]
    },
    {
      "mode": "managed",
      "type": "aws_lb_target_group",
      "name": "tg",
      "provider": "provider[\"registry.terraform.io/hashicorp/aws\"]",
      "instances": [
        {
          "schema_version": 0,
          "attributes": {
            "arn": "arn:aws:elasticloadbalancing:eu-west-1:586794460474:targetgroup/tfg-nba-tg/3b2e0d575c63b43a",
            "arn_suffix": "targetgroup/tfg-nba-tg/3b2e0d575c63b43a",
            "connection_termination": null,
            "deregistration_delay": "300",
            "health_check": [
              {
                "enabled": true,
                "healthy_threshold": 2,
                "interval": 30,
                "matcher": "200",
                "path": "/",
                "port": "traffic-port",
                "protocol": "HTTP",
                "timeout": 5,
                "unhealthy_threshold": 2
              }
            ],
            "id": "arn:aws:elasticloadbalancing:eu-west-1:586794460474:targetgroup/tfg-nba-tg/3b2e0d575c63b43a",
            "ip_address_type": "ipv4",
            "lambda_multi_value_headers_enabled": false,
            "load_balancer_arns": [],
            "load_balancing_algorithm_type": "round_robin",
            "load_balancing_anomaly_mitigation": "off",
            "load_balancing_cross_zone_enabled": "use_load_balancer_configuration",
            "name": "tfg-nba-tg",
            "name_prefix": "",
            "port": 80,
            "preserve_client_ip": null,
            "protocol": "HTTP",
            "protocol_version": "HTTP1",
            "proxy_protocol_v2": false,
            "slow_start": 0,
            "stickiness": [
              {
                "cookie_duration": 86400,
                "cookie_name": "",
                "enabled": false,
                "type": "lb_cookie"
              }
            ],
            "tags": null,
            "tags_all": {},
            "target_failover": [
              {
                "on_deregistration": null,
                "on_unhealthy": null
              }
            ],
            "target_group_health": [
              {
                "dns_failover": [
                  {
                    "minimum_healthy_targets_count": "1",
                    "minimum_healthy_targets_percentage": "off"
                  }
                ],
                "unhealthy_state_routing": [
                  {
                    "minimum_healthy_targets_count": 1,
                    "minimum_healthy_targets_percentage": "off"
                  }
                ]
              }
            ],
            "target_health_state": [
              {
                "enable_unhealthy_connection_termination": null,
                "unhealthy_draining_interval": null
              }
            ],
            "target_type": "instance",
            "vpc_id": "vpc-0eb5b06744e5b9a7c"
          },
          "sensitive_attributes": [],
          "private": "bnVsbA==",
          "dependencies": [
            "aws_vpc.vpc"
          ]
        }
      ]
    },
    {
      "mode": "managed",
      "type": "aws_lb_target_group_attachment",
      "name": "attach",
      "provider": "provider[\"registry.terraform.io/hashicorp/aws\"]",
      "instances": [
        {
          "schema_version": 0,
          "attributes": {
            "availability_zone": null,
            "id": "arn:aws:elasticloadbalancing:eu-west-1:586794460474:targetgroup/tfg-nba-tg/3b2e0d575c63b43a-20250528203835001800000004",
            "port": 80,
            "target_group_arn": "arn:aws:elasticloadbalancing:eu-west-1:586794460474:targetgroup/tfg-nba-tg/3b2e0d575c63b43a",
            "target_id": "i-05546bc361deb0a6a"
          },
          "sensitive_attributes": [],
          "private": "bnVsbA==",
          "dependencies": [
            "aws_instance.web_instance",
            "aws_lb_target_group.tg",
            "aws_security_group.instance_sg",
            "aws_subnet.public_subnet_1",
            "aws_vpc.vpc"
          ]
        }
      ]
    },
    {
      "mode": "managed",
      "type": "aws_route53_record",
      "name": "root_domain",
      "provider": "provider[\"registry.terraform.io/hashicorp/aws\"]",
      "instances": [
        {
          "schema_version": 2,
          "attributes": {
            "alias": [
              {
                "evaluate_target_health": true,
                "name": "tfg-nba-lb-1542415835.eu-west-1.elb.amazonaws.com",
                "zone_id": "Z32O12XQLNTSW2"
              }
            ],
            "allow_overwrite": null,
            "cidr_routing_policy": [],
            "failover_routing_policy": [],
            "fqdn": "rodrigofernandezbravo.com",
            "geolocation_routing_policy": [],
            "geoproximity_routing_policy": [],
            "health_check_id": "",
            "id": "Z09771713755O6AWFJSP4_rodrigofernandezbravo.com_A",
            "latency_routing_policy": [],
            "multivalue_answer_routing_policy": false,
            "name": "rodrigofernandezbravo.com",
            "records": null,
            "set_identifier": "",
            "ttl": 0,
            "type": "A",
            "weighted_routing_policy": [],
            "zone_id": "Z09771713755O6AWFJSP4"
          },
          "sensitive_attributes": [],
          "private": "eyJzY2hlbWFfdmVyc2lvbiI6IjIifQ==",
          "dependencies": [
            "aws_lb.loadbalancer",
            "aws_route53_zone.main_zone",
            "aws_security_group.instance_sg",
            "aws_subnet.public_subnet_1",
            "aws_subnet.public_subnet_2",
            "aws_vpc.vpc"
          ]
        }
      ]
    },
    {
      "mode": "managed",
      "type": "aws_route53_zone",
      "name": "main_zone",
      "provider": "provider[\"registry.terraform.io/hashicorp/aws\"]",
      "instances": [
        {
          "schema_version": 0,
          "attributes": {
            "arn": "arn:aws:route53:::hostedzone/Z09771713755O6AWFJSP4",
            "comment": "Managed by Terraform",
            "delegation_set_id": "",
            "force_destroy": false,
            "id": "Z09771713755O6AWFJSP4",
            "name": "rodrigofernandezbravo.com",
            "name_servers": [
              "ns-1102.awsdns-09.org",
              "ns-1903.awsdns-45.co.uk",
              "ns-290.awsdns-36.com",
              "ns-556.awsdns-05.net"
            ],
            "primary_name_server": "ns-1903.awsdns-45.co.uk",
            "tags": null,
            "tags_all": {},
            "vpc": [],
            "zone_id": "Z09771713755O6AWFJSP4"
          },
          "sensitive_attributes": [],
          "private": "bnVsbA=="
        }
      ]
    },
    {
      "mode": "managed",
      "type": "aws_route_table",
      "name": "public_rt",
      "provider": "provider[\"registry.terraform.io/hashicorp/aws\"]",
      "instances": [
        {
          "schema_version": 0,
          "attributes": {
            "arn": "arn:aws:ec2:eu-west-1:586794460474:route-table/rtb-0c9cb44fa5288734c",
            "id": "rtb-0c9cb44fa5288734c",
            "owner_id": "586794460474",
            "propagating_vgws": [],
            "route": [
              {
                "carrier_gateway_id": "",
                "cidr_block": "0.0.0.0/0",
                "core_network_arn": "",
                "destination_prefix_list_id": "",
                "egress_only_gateway_id": "",
                "gateway_id": "igw-090df9f6911453fba",
                "ipv6_cidr_block": "",
                "local_gateway_id": "",
                "nat_gateway_id": "",
                "network_interface_id": "",
                "transit_gateway_id": "",
                "vpc_endpoint_id": "",
                "vpc_peering_connection_id": ""
              }
            ],
            "tags": null,
            "tags_all": {},
            "timeouts": null,
            "vpc_id": "vpc-0eb5b06744e5b9a7c"
          },
          "sensitive_attributes": [],
          "private": "eyJlMmJmYjczMC1lY2FhLTExZTYtOGY4OC0zNDM2M2JjN2M0YzAiOnsiY3JlYXRlIjozMDAwMDAwMDAwMDAsImRlbGV0ZSI6MzAwMDAwMDAwMDAwLCJ1cGRhdGUiOjEyMDAwMDAwMDAwMH19",
          "dependencies": [
            "aws_internet_gateway.gateway",
            "aws_vpc.vpc"
          ]
        }
      ]
    },
    {
      "mode": "managed",
      "type": "aws_route_table_association",
      "name": "rt_assoc_1",
      "provider": "provider[\"registry.terraform.io/hashicorp/aws\"]",
      "instances": [
        {
          "schema_version": 0,
          "attributes": {
            "gateway_id": "",
            "id": "rtbassoc-08f59e86363379605",
            "route_table_id": "rtb-0c9cb44fa5288734c",
            "subnet_id": "subnet-0429955eeb9bb9896",
            "timeouts": null
          },
          "sensitive_attributes": [],
          "private": "eyJlMmJmYjczMC1lY2FhLTExZTYtOGY4OC0zNDM2M2JjN2M0YzAiOnsiY3JlYXRlIjozMDAwMDAwMDAwMDAsImRlbGV0ZSI6MzAwMDAwMDAwMDAwLCJ1cGRhdGUiOjEyMDAwMDAwMDAwMH19",
          "dependencies": [
            "aws_internet_gateway.gateway",
            "aws_route_table.public_rt",
            "aws_subnet.public_subnet_1",
            "aws_vpc.vpc"
          ]
        }
      ]
    },
    {
      "mode": "managed",
      "type": "aws_route_table_association",
      "name": "rt_assoc_2",
      "provider": "provider[\"registry.terraform.io/hashicorp/aws\"]",
      "instances": [
        {
          "schema_version": 0,
          "attributes": {
            "gateway_id": "",
            "id": "rtbassoc-0c9afd75e6d930b8f",
            "route_table_id": "rtb-0c9cb44fa5288734c",
            "subnet_id": "subnet-09645b5f39bed9f44",
            "timeouts": null
          },
          "sensitive_attributes": [],
          "private": "eyJlMmJmYjczMC1lY2FhLTExZTYtOGY4OC0zNDM2M2JjN2M0YzAiOnsiY3JlYXRlIjozMDAwMDAwMDAwMDAsImRlbGV0ZSI6MzAwMDAwMDAwMDAwLCJ1cGRhdGUiOjEyMDAwMDAwMDAwMH19",
          "dependencies": [
            "aws_internet_gateway.gateway",
            "aws_route_table.public_rt",
            "aws_subnet.public_subnet_2",
            "aws_vpc.vpc"
          ]
        }
      ]
    },
    {
      "mode": "managed",
      "type": "aws_security_group",
      "name": "instance_sg",
      "provider": "provider[\"registry.terraform.io/hashicorp/aws\"]",
      "instances": [
        {
          "schema_version": 1,
          "attributes": {
            "arn": "arn:aws:ec2:eu-west-1:586794460474:security-group/sg-0331a98d4d7c3e3bc",
            "description": "Managed by Terraform",
            "egress": [
              {
                "cidr_blocks": [
                  "0.0.0.0/0"
                ],
                "description": "All outbound traffic",
                "from_port": 0,
                "ipv6_cidr_blocks": [],
                "prefix_list_ids": [],
                "protocol": "-1",
                "security_groups": [],
                "self": false,
                "to_port": 0
              }
            ],
            "id": "sg-0331a98d4d7c3e3bc",
            "ingress": [
              {
                "cidr_blocks": [
                  "0.0.0.0/0"
                ],
                "description": "HTTP access from anywhere",
                "from_port": 80,
                "ipv6_cidr_blocks": [],
                "prefix_list_ids": [],
                "protocol": "tcp",
                "security_groups": [],
                "self": false,
                "to_port": 80
              },
              {
                "cidr_blocks": [
                  "0.0.0.0/0"
                ],
                "description": "HTTPS access from anywhere",
                "from_port": 443,
                "ipv6_cidr_blocks": [],
                "prefix_list_ids": [],
                "protocol": "tcp",
                "security_groups": [],
                "self": false,
                "to_port": 443
              },
              {
                "cidr_blocks": [
                  "2.155.93.197/32"
                ],
                "description": "SSH access from my IP only",
                "from_port": 22,
                "ipv6_cidr_blocks": [],
                "prefix_list_ids": [],
                "protocol": "tcp",
                "security_groups": [],
                "self": false,
                "to_port": 22
              }
            ],
            "name": "instance-sg",
            "name_prefix": "",
            "owner_id": "586794460474",
            "revoke_rules_on_delete": false,
            "tags": {
              "Name": "instance-sg"
            },
            "tags_all": {
              "Name": "instance-sg"
            },
            "timeouts": null,
            "vpc_id": "vpc-0eb5b06744e5b9a7c"
          },
          "sensitive_attributes": [],
          "private": "eyJlMmJmYjczMC1lY2FhLTExZTYtOGY4OC0zNDM2M2JjN2M0YzAiOnsiY3JlYXRlIjo2MDAwMDAwMDAwMDAsImRlbGV0ZSI6OTAwMDAwMDAwMDAwfSwic2NoZW1hX3ZlcnNpb24iOiIxIn0=",
          "dependencies": [
            "aws_vpc.vpc"
          ],
          "create_before_destroy": true
        }
      ]
    },
    {
      "mode": "managed",
      "type": "aws_security_group_rule",
      "name": "allow_alb_http",
      "provider": "provider[\"registry.terraform.io/hashicorp/aws\"]",
      "instances": [
        {
          "schema_version": 2,
          "attributes": {
            "cidr_blocks": null,
            "description": "Allow HTTP from ALB (self-SG)",
            "from_port": 80,
            "id": "sgrule-2646664137",
            "ipv6_cidr_blocks": null,
            "prefix_list_ids": null,
            "protocol": "tcp",
            "security_group_id": "sg-0331a98d4d7c3e3bc",
            "security_group_rule_id": "sgr-0c34ca63eb656bc7c",
            "self": false,
            "source_security_group_id": "sg-0331a98d4d7c3e3bc",
            "timeouts": null,
            "to_port": 80,
            "type": "ingress"
          },
          "sensitive_attributes": [],
          "private": "eyJlMmJmYjczMC1lY2FhLTExZTYtOGY4OC0zNDM2M2JjN2M0YzAiOnsiY3JlYXRlIjozMDAwMDAwMDAwMDB9LCJzY2hlbWFfdmVyc2lvbiI6IjIifQ==",
          "dependencies": [
            "aws_security_group.instance_sg",
            "aws_vpc.vpc"
          ]
        }
      ]
    },
    {
      "mode": "managed",
      "type": "aws_subnet",
      "name": "public_subnet_1",
      "provider": "provider[\"registry.terraform.io/hashicorp/aws\"]",
      "instances": [
        {
          "schema_version": 1,
          "attributes": {
            "arn": "arn:aws:ec2:eu-west-1:586794460474:subnet/subnet-0429955eeb9bb9896",
            "assign_ipv6_address_on_creation": false,
            "availability_zone": "eu-west-1a",
            "availability_zone_id": "euw1-az2",
            "cidr_block": "10.0.0.0/27",
            "customer_owned_ipv4_pool": "",
            "enable_dns64": false,
            "enable_lni_at_device_index": 0,
            "enable_resource_name_dns_a_record_on_launch": false,
            "enable_resource_name_dns_aaaa_record_on_launch": false,
            "id": "subnet-0429955eeb9bb9896",
            "ipv6_cidr_block": "",
            "ipv6_cidr_block_association_id": "",
            "ipv6_native": false,
            "map_customer_owned_ip_on_launch": false,
            "map_public_ip_on_launch": true,
            "outpost_arn": "",
            "owner_id": "586794460474",
            "private_dns_hostname_type_on_launch": "ip-name",
            "tags": null,
            "tags_all": {},
            "timeouts": null,
            "vpc_id": "vpc-0eb5b06744e5b9a7c"
          },
          "sensitive_attributes": [],
          "private": "eyJlMmJmYjczMC1lY2FhLTExZTYtOGY4OC0zNDM2M2JjN2M0YzAiOnsiY3JlYXRlIjo2MDAwMDAwMDAwMDAsImRlbGV0ZSI6MTIwMDAwMDAwMDAwMH0sInNjaGVtYV92ZXJzaW9uIjoiMSJ9",
          "dependencies": [
            "aws_vpc.vpc"
          ],
          "create_before_destroy": true
        }
      ]
    },
    {
      "mode": "managed",
      "type": "aws_subnet",
      "name": "public_subnet_2",
      "provider": "provider[\"registry.terraform.io/hashicorp/aws\"]",
      "instances": [
        {
          "schema_version": 1,
          "attributes": {
            "arn": "arn:aws:ec2:eu-west-1:586794460474:subnet/subnet-09645b5f39bed9f44",
            "assign_ipv6_address_on_creation": false,
            "availability_zone": "eu-west-1b",
            "availability_zone_id": "euw1-az3",
            "cidr_block": "10.0.0.32/27",
            "customer_owned_ipv4_pool": "",
            "enable_dns64": false,
            "enable_lni_at_device_index": 0,
            "enable_resource_name_dns_a_record_on_launch": false,
            "enable_resource_name_dns_aaaa_record_on_launch": false,
            "id": "subnet-09645b5f39bed9f44",
            "ipv6_cidr_block": "",
            "ipv6_cidr_block_association_id": "",
            "ipv6_native": false,
            "map_customer_owned_ip_on_launch": false,
            "map_public_ip_on_launch": true,
            "outpost_arn": "",
            "owner_id": "586794460474",
            "private_dns_hostname_type_on_launch": "ip-name",
            "tags": null,
            "tags_all": {},
            "timeouts": null,
            "vpc_id": "vpc-0eb5b06744e5b9a7c"
          },
          "sensitive_attributes": [],
          "private": "eyJlMmJmYjczMC1lY2FhLTExZTYtOGY4OC0zNDM2M2JjN2M0YzAiOnsiY3JlYXRlIjo2MDAwMDAwMDAwMDAsImRlbGV0ZSI6MTIwMDAwMDAwMDAwMH0sInNjaGVtYV92ZXJzaW9uIjoiMSJ9",
          "dependencies": [
            "aws_vpc.vpc"
          ]
        }
      ]
    },
    {
      "mode": "managed",
      "type": "aws_vpc",
      "name": "vpc",
      "provider": "provider[\"registry.terraform.io/hashicorp/aws\"]",
      "instances": [
        {
          "schema_version": 1,
          "attributes": {
            "arn": "arn:aws:ec2:eu-west-1:586794460474:vpc/vpc-0eb5b06744e5b9a7c",
            "assign_generated_ipv6_cidr_block": false,
            "cidr_block": "10.0.0.0/16",
            "default_network_acl_id": "acl-0360a8de503ab25cf",
            "default_route_table_id": "rtb-0014f4961fa6b40c1",
            "default_security_group_id": "sg-04dd728af05e128fc",
            "dhcp_options_id": "dopt-0ad4c8c9d6b3ca24e",
            "enable_dns_hostnames": true,
            "enable_dns_support": true,
            "enable_network_address_usage_metrics": false,
            "id": "vpc-0eb5b06744e5b9a7c",
            "instance_tenancy": "default",
            "ipv4_ipam_pool_id": null,
            "ipv4_netmask_length": null,
            "ipv6_association_id": "",
            "ipv6_cidr_block": "",
            "ipv6_cidr_block_network_border_group": "",
            "ipv6_ipam_pool_id": "",
            "ipv6_netmask_length": 0,
            "main_route_table_id": "rtb-0014f4961fa6b40c1",
            "owner_id": "586794460474",
            "tags": {
              "Name": "vpc"
            },
            "tags_all": {
              "Name": "vpc"
            }
          },
          "sensitive_attributes": [],
          "private": "eyJzY2hlbWFfdmVyc2lvbiI6IjEifQ==",
          "create_before_destroy": true
        }
      ]
    }
  ],
  "check_results": null
}
